
Microsoft Visual Studio Solution File, Format Version 12.00
# Visual Studio Version 17
VisualStudioVersion = 17.7.34024.191
MinimumVisualStudioVersion = 10.0.40219.1
Project("{FAE04EC0-301F-11D3-BF4B-00C04F79EFBC}") = "MyLinq", "MyLinq\MyLinq.csproj", "{1E8FC7BE-C31F-433C-B371-E3D4BF4DBC16}"
EndProject
Project("{FAE04EC0-301F-11D3-BF4B-00C04F79EFBC}") = "MyLinq.Tests", "MyLinq.Tests\MyLinq.Tests.csproj", "{C7D9C9DF-6A72-4606-86D4-EA17EC111126}"
EndProject
Global
	GlobalSection(SolutionConfigurationPlatforms) = preSolution
		Debug|Any CPU = Debug|Any CPU
		Release|Any CPU = Release|Any CPU
	EndGlobalSection
	GlobalSection(ProjectConfigurationPlatforms) = postSolution
		{1E8FC7BE-C31F-433C-B371-E3D4BF4DBC16}.Debug|Any CPU.ActiveCfg = Debug|Any CPU
		{1E8FC7BE-C31F-433C-B371-E3D4BF4DBC16}.Debug|Any CPU.Build.0 = Debug|Any CPU
		{1E8FC7BE-C31F-433C-B371-E3D4BF4DBC16}.Release|Any CPU.ActiveCfg = Release|Any CPU
		{1E8FC7BE-C31F-433C-B371-E3D4BF4DBC16}.Release|Any CPU.Build.0 = Release|Any CPU
		{C7D9C9DF-6A72-4606-86D4-EA17EC111126}.Debug|Any CPU.ActiveCfg = Debug|Any CPU
		{C7D9C9DF-6A72-4606-86D4-EA17EC111126}.Debug|Any CPU.Build.0 = Debug|Any CPU
		{C7D9C9DF-6A72-4606-86D4-EA17EC111126}.Release|Any CPU.ActiveCfg = Release|Any CPU
		{C7D9C9DF-6A72-4606-86D4-EA17EC111126}.Release|Any CPU.Build.0 = Release|Any CPU
	EndGlobalSection
	GlobalSection(SolutionProperties) = preSolution
		HideSolutionNode = FALSE
	EndGlobalSection
	GlobalSection(ExtensibilityGlobals) = postSolution
		SolutionGuid = {D3B007C5-08D4-4FA6-8E25-93EB32776788}
	EndGlobalSection
EndGlobal
